
Microsoft Visual Studio Solution File, Format Version 11.00
# Visual Studio 2010
Project("{FAE04EC0-301F-11D3-BF4B-00C04F79EFBC}") = "Random Networks Explorer", "Random Networks Explorer\Random Networks Explorer.csproj", "{3A01DECF-0C90-4078-8D0F-242230EABDEB}"
EndProject
Project("{FAE04EC0-301F-11D3-BF4B-00C04F79EFBC}") = "Core", "Core\Core.csproj", "{479C57F7-2B45-48F4-B434-C7E59D0B0F7B}"
EndProject
Project("{FAE04EC0-301F-11D3-BF4B-00C04F79EFBC}") = "Research", "Research\Research.csproj", "{9EAE0FEA-76B8-4C94-9580-6D0902D9D328}"
EndProject
Project("{FAE04EC0-301F-11D3-BF4B-00C04F79EFBC}") = "Manager", "Manager\Manager.csproj", "{815A286D-DAF5-42B6-90E6-9CB1AA73CCB2}"
EndProject
Project("{FAE04EC0-301F-11D3-BF4B-00C04F79EFBC}") = "NetworkModel", "NetworkModel\NetworkModel.csproj", "{8C7DE68F-5FCC-4779-AE38-5EACEB84A4EC}"
EndProject
Project("{FAE04EC0-301F-11D3-BF4B-00C04F79EFBC}") = "BAModel", "BAModel\BAModel.csproj", "{EC12671D-FB67-4E24-9CB7-0785CE78BD06}"
EndProject
Project("{FAE04EC0-301F-11D3-BF4B-00C04F79EFBC}") = "RegularHierarchicModel", "RegularHierarchicModel\RegularHierarchicModel.csproj", "{14D01A9A-6A57-4E91-B06A-FB9F4E674924}"
EndProject
Project("{FAE04EC0-301F-11D3-BF4B-00C04F79EFBC}") = "NonRegularHierarchicModel", "NonRegularHierarchicModel\NonRegularHierarchicModel.csproj", "{09ADFD58-61A9-4A46-B9CF-4B7BA6466EC0}"
EndProject
Project("{FAE04EC0-301F-11D3-BF4B-00C04F79EFBC}") = "Storage", "Storage\Storage.csproj", "{0F69615E-50D1-40D9-896A-2887A8C68B09}"
EndProject
Project("{FAE04EC0-301F-11D3-BF4B-00C04F79EFBC}") = "ModelChecking", "ModelChecking\ModelChecking.csproj", "{8F6B53CF-9E41-4535-BAB4-CCF1F34A8238}"
EndProject
Project("{FAE04EC0-301F-11D3-BF4B-00C04F79EFBC}") = "RandomNumberGeneration", "RandomNumberGeneration\RandomNumberGeneration.csproj", "{C64D64AC-5910-485F-9EE3-60E525952ECE}"
EndProject
Project("{FAE04EC0-301F-11D3-BF4B-00C04F79EFBC}") = "ERModel", "ERModel\ERModel.csproj", "{F89973D5-0B32-4DAA-80B7-8A5A7F717168}"
EndProject
Project("{FAE04EC0-301F-11D3-BF4B-00C04F79EFBC}") = "WSModel", "WSModel\WSModel.csproj", "{F5E77D3F-86E7-435B-B269-C1F618EB829C}"
EndProject
Project("{2150E333-8FDC-42A3-9474-1A3956D46DE8}") = "Solution Items", "Solution Items", "{FFBB2874-260C-4A5E-B2D6-3068C3F47720}"
	ProjectSection(SolutionItems) = preProject
		HELP\main.html = HELP\main.html
		HELP\paragraph3.html = HELP\paragraph3.html
		HELP\paragraph4.html = HELP\paragraph4.html
		HELP\paragraph5.html = HELP\paragraph5.html
	EndProjectSection
EndProject
Project("{FAE04EC0-301F-11D3-BF4B-00C04F79EFBC}") = "Session", "Session\Session.csproj", "{CCFA6E32-253E-4E0D-A8FA-5856069268F9}"
EndProject
Project("{FAE04EC0-301F-11D3-BF4B-00C04F79EFBC}") = "Random Networks Statistic Analyzer", "Random Networks Statistic Analyzer\Random Networks Statistic Analyzer.csproj", "{566C1F0E-AA95-4D41-9A0C-BB7D919108AD}"
EndProject
Global
	GlobalSection(SolutionConfigurationPlatforms) = preSolution
		Debug|Any CPU = Debug|Any CPU
		Debug|Mixed Platforms = Debug|Mixed Platforms
		Debug|x86 = Debug|x86
		Release|Any CPU = Release|Any CPU
		Release|Mixed Platforms = Release|Mixed Platforms
		Release|x86 = Release|x86
	EndGlobalSection
	GlobalSection(ProjectConfigurationPlatforms) = postSolution
		{3A01DECF-0C90-4078-8D0F-242230EABDEB}.Debug|Any CPU.ActiveCfg = Debug|x86
		{3A01DECF-0C90-4078-8D0F-242230EABDEB}.Debug|Mixed Platforms.ActiveCfg = Debug|x86
		{3A01DECF-0C90-4078-8D0F-242230EABDEB}.Debug|Mixed Platforms.Build.0 = Debug|x86
		{3A01DECF-0C90-4078-8D0F-242230EABDEB}.Debug|x86.ActiveCfg = Debug|x86
		{3A01DECF-0C90-4078-8D0F-242230EABDEB}.Debug|x86.Build.0 = Debug|x86
		{3A01DECF-0C90-4078-8D0F-242230EABDEB}.Release|Any CPU.ActiveCfg = Release|x86
		{3A01DECF-0C90-4078-8D0F-242230EABDEB}.Release|Mixed Platforms.ActiveCfg = Release|x86
		{3A01DECF-0C90-4078-8D0F-242230EABDEB}.Release|Mixed Platforms.Build.0 = Release|x86
		{3A01DECF-0C90-4078-8D0F-242230EABDEB}.Release|x86.ActiveCfg = Release|x86
		{3A01DECF-0C90-4078-8D0F-242230EABDEB}.Release|x86.Build.0 = Release|x86
		{479C57F7-2B45-48F4-B434-C7E59D0B0F7B}.Debug|Any CPU.ActiveCfg = Debug|Any CPU
		{479C57F7-2B45-48F4-B434-C7E59D0B0F7B}.Debug|Any CPU.Build.0 = Debug|Any CPU
		{479C57F7-2B45-48F4-B434-C7E59D0B0F7B}.Debug|Mixed Platforms.ActiveCfg = Debug|Any CPU
		{479C57F7-2B45-48F4-B434-C7E59D0B0F7B}.Debug|Mixed Platforms.Build.0 = Debug|Any CPU
		{479C57F7-2B45-48F4-B434-C7E59D0B0F7B}.Debug|x86.ActiveCfg = Debug|Any CPU
		{479C57F7-2B45-48F4-B434-C7E59D0B0F7B}.Release|Any CPU.ActiveCfg = Release|Any CPU
		{479C57F7-2B45-48F4-B434-C7E59D0B0F7B}.Release|Any CPU.Build.0 = Release|Any CPU
		{479C57F7-2B45-48F4-B434-C7E59D0B0F7B}.Release|Mixed Platforms.ActiveCfg = Release|Any CPU
		{479C57F7-2B45-48F4-B434-C7E59D0B0F7B}.Release|Mixed Platforms.Build.0 = Release|Any CPU
		{479C57F7-2B45-48F4-B434-C7E59D0B0F7B}.Release|x86.ActiveCfg = Release|Any CPU
		{9EAE0FEA-76B8-4C94-9580-6D0902D9D328}.Debug|Any CPU.ActiveCfg = Debug|Any CPU
		{9EAE0FEA-76B8-4C94-9580-6D0902D9D328}.Debug|Any CPU.Build.0 = Debug|Any CPU
		{9EAE0FEA-76B8-4C94-9580-6D0902D9D328}.Debug|Mixed Platforms.ActiveCfg = Debug|Any CPU
		{9EAE0FEA-76B8-4C94-9580-6D0902D9D328}.Debug|Mixed Platforms.Build.0 = Debug|Any CPU
		{9EAE0FEA-76B8-4C94-9580-6D0902D9D328}.Debug|x86.ActiveCfg = Debug|Any CPU
		{9EAE0FEA-76B8-4C94-9580-6D0902D9D328}.Release|Any CPU.ActiveCfg = Release|Any CPU
		{9EAE0FEA-76B8-4C94-9580-6D0902D9D328}.Release|Any CPU.Build.0 = Release|Any CPU
		{9EAE0FEA-76B8-4C94-9580-6D0902D9D328}.Release|Mixed Platforms.ActiveCfg = Release|Any CPU
		{9EAE0FEA-76B8-4C94-9580-6D0902D9D328}.Release|Mixed Platforms.Build.0 = Release|Any CPU
		{9EAE0FEA-76B8-4C94-9580-6D0902D9D328}.Release|x86.ActiveCfg = Release|Any CPU
		{815A286D-DAF5-42B6-90E6-9CB1AA73CCB2}.Debug|Any CPU.ActiveCfg = Debug|Any CPU
		{815A286D-DAF5-42B6-90E6-9CB1AA73CCB2}.Debug|Any CPU.Build.0 = Debug|Any CPU
		{815A286D-DAF5-42B6-90E6-9CB1AA73CCB2}.Debug|Mixed Platforms.ActiveCfg = Debug|Any CPU
		{815A286D-DAF5-42B6-90E6-9CB1AA73CCB2}.Debug|Mixed Platforms.Build.0 = Debug|Any CPU
		{815A286D-DAF5-42B6-90E6-9CB1AA73CCB2}.Debug|x86.ActiveCfg = Debug|Any CPU
		{815A286D-DAF5-42B6-90E6-9CB1AA73CCB2}.Release|Any CPU.ActiveCfg = Release|Any CPU
		{815A286D-DAF5-42B6-90E6-9CB1AA73CCB2}.Release|Any CPU.Build.0 = Release|Any CPU
		{815A286D-DAF5-42B6-90E6-9CB1AA73CCB2}.Release|Mixed Platforms.ActiveCfg = Release|Any CPU
		{815A286D-DAF5-42B6-90E6-9CB1AA73CCB2}.Release|Mixed Platforms.Build.0 = Release|Any CPU
		{815A286D-DAF5-42B6-90E6-9CB1AA73CCB2}.Release|x86.ActiveCfg = Release|Any CPU
		{8C7DE68F-5FCC-4779-AE38-5EACEB84A4EC}.Debug|Any CPU.ActiveCfg = Debug|Any CPU
		{8C7DE68F-5FCC-4779-AE38-5EACEB84A4EC}.Debug|Any CPU.Build.0 = Debug|Any CPU
		{8C7DE68F-5FCC-4779-AE38-5EACEB84A4EC}.Debug|Mixed Platforms.ActiveCfg = Debug|Any CPU
		{8C7DE68F-5FCC-4779-AE38-5EACEB84A4EC}.Debug|Mixed Platforms.Build.0 = Debug|Any CPU
		{8C7DE68F-5FCC-4779-AE38-5EACEB84A4EC}.Debug|x86.ActiveCfg = Debug|Any CPU
		{8C7DE68F-5FCC-4779-AE38-5EACEB84A4EC}.Release|Any CPU.ActiveCfg = Release|Any CPU
		{8C7DE68F-5FCC-4779-AE38-5EACEB84A4EC}.Release|Any CPU.Build.0 = Release|Any CPU
		{8C7DE68F-5FCC-4779-AE38-5EACEB84A4EC}.Release|Mixed Platforms.ActiveCfg = Release|Any CPU
		{8C7DE68F-5FCC-4779-AE38-5EACEB84A4EC}.Release|Mixed Platforms.Build.0 = Release|Any CPU
		{8C7DE68F-5FCC-4779-AE38-5EACEB84A4EC}.Release|x86.ActiveCfg = Release|Any CPU
		{EC12671D-FB67-4E24-9CB7-0785CE78BD06}.Debug|Any CPU.ActiveCfg = Debug|Any CPU
		{EC12671D-FB67-4E24-9CB7-0785CE78BD06}.Debug|Any CPU.Build.0 = Debug|Any CPU
		{EC12671D-FB67-4E24-9CB7-0785CE78BD06}.Debug|Mixed Platforms.ActiveCfg = Debug|Any CPU
		{EC12671D-FB67-4E24-9CB7-0785CE78BD06}.Debug|Mixed Platforms.Build.0 = Debug|Any CPU
		{EC12671D-FB67-4E24-9CB7-0785CE78BD06}.Debug|x86.ActiveCfg = Debug|Any CPU
		{EC12671D-FB67-4E24-9CB7-0785CE78BD06}.Release|Any CPU.ActiveCfg = Release|Any CPU
		{EC12671D-FB67-4E24-9CB7-0785CE78BD06}.Release|Any CPU.Build.0 = Release|Any CPU
		{EC12671D-FB67-4E24-9CB7-0785CE78BD06}.Release|Mixed Platforms.ActiveCfg = Release|Any CPU
		{EC12671D-FB67-4E24-9CB7-0785CE78BD06}.Release|Mixed Platforms.Build.0 = Release|Any CPU
		{EC12671D-FB67-4E24-9CB7-0785CE78BD06}.Release|x86.ActiveCfg = Release|Any CPU
		{14D01A9A-6A57-4E91-B06A-FB9F4E674924}.Debug|Any CPU.ActiveCfg = Debug|Any CPU
		{14D01A9A-6A57-4E91-B06A-FB9F4E674924}.Debug|Any CPU.Build.0 = Debug|Any CPU
		{14D01A9A-6A57-4E91-B06A-FB9F4E674924}.Debug|Mixed Platforms.ActiveCfg = Debug|Any CPU
		{14D01A9A-6A57-4E91-B06A-FB9F4E674924}.Debug|Mixed Platforms.Build.0 = Debug|Any CPU
		{14D01A9A-6A57-4E91-B06A-FB9F4E674924}.Debug|x86.ActiveCfg = Debug|Any CPU
		{14D01A9A-6A57-4E91-B06A-FB9F4E674924}.Release|Any CPU.ActiveCfg = Release|Any CPU
		{14D01A9A-6A57-4E91-B06A-FB9F4E674924}.Release|Any CPU.Build.0 = Release|Any CPU
		{14D01A9A-6A57-4E91-B06A-FB9F4E674924}.Release|Mixed Platforms.ActiveCfg = Release|Any CPU
		{14D01A9A-6A57-4E91-B06A-FB9F4E674924}.Release|Mixed Platforms.Build.0 = Release|Any CPU
		{14D01A9A-6A57-4E91-B06A-FB9F4E674924}.Release|x86.ActiveCfg = Release|Any CPU
		{09ADFD58-61A9-4A46-B9CF-4B7BA6466EC0}.Debug|Any CPU.ActiveCfg = Debug|Any CPU
		{09ADFD58-61A9-4A46-B9CF-4B7BA6466EC0}.Debug|Any CPU.Build.0 = Debug|Any CPU
		{09ADFD58-61A9-4A46-B9CF-4B7BA6466EC0}.Debug|Mixed Platforms.ActiveCfg = Debug|Any CPU
		{09ADFD58-61A9-4A46-B9CF-4B7BA6466EC0}.Debug|Mixed Platforms.Build.0 = Debug|Any CPU
		{09ADFD58-61A9-4A46-B9CF-4B7BA6466EC0}.Debug|x86.ActiveCfg = Debug|Any CPU
		{09ADFD58-61A9-4A46-B9CF-4B7BA6466EC0}.Release|Any CPU.ActiveCfg = Release|Any CPU
		{09ADFD58-61A9-4A46-B9CF-4B7BA6466EC0}.Release|Any CPU.Build.0 = Release|Any CPU
		{09ADFD58-61A9-4A46-B9CF-4B7BA6466EC0}.Release|Mixed Platforms.ActiveCfg = Release|Any CPU
		{09ADFD58-61A9-4A46-B9CF-4B7BA6466EC0}.Release|Mixed Platforms.Build.0 = Release|Any CPU
		{09ADFD58-61A9-4A46-B9CF-4B7BA6466EC0}.Release|x86.ActiveCfg = Release|Any CPU
		{0F69615E-50D1-40D9-896A-2887A8C68B09}.Debug|Any CPU.ActiveCfg = Debug|Any CPU
		{0F69615E-50D1-40D9-896A-2887A8C68B09}.Debug|Any CPU.Build.0 = Debug|Any CPU
		{0F69615E-50D1-40D9-896A-2887A8C68B09}.Debug|Mixed Platforms.ActiveCfg = Debug|Any CPU
		{0F69615E-50D1-40D9-896A-2887A8C68B09}.Debug|Mixed Platforms.Build.0 = Debug|Any CPU
		{0F69615E-50D1-40D9-896A-2887A8C68B09}.Debug|x86.ActiveCfg = Debug|Any CPU
		{0F69615E-50D1-40D9-896A-2887A8C68B09}.Release|Any CPU.ActiveCfg = Release|Any CPU
		{0F69615E-50D1-40D9-896A-2887A8C68B09}.Release|Any CPU.Build.0 = Release|Any CPU
		{0F69615E-50D1-40D9-896A-2887A8C68B09}.Release|Mixed Platforms.ActiveCfg = Release|Any CPU
		{0F69615E-50D1-40D9-896A-2887A8C68B09}.Release|Mixed Platforms.Build.0 = Release|Any CPU
		{0F69615E-50D1-40D9-896A-2887A8C68B09}.Release|x86.ActiveCfg = Release|Any CPU
		{8F6B53CF-9E41-4535-BAB4-CCF1F34A8238}.Debug|Any CPU.ActiveCfg = Debug|Any CPU
		{8F6B53CF-9E41-4535-BAB4-CCF1F34A8238}.Debug|Any CPU.Build.0 = Debug|Any CPU
		{8F6B53CF-9E41-4535-BAB4-CCF1F34A8238}.Debug|Mixed Platforms.ActiveCfg = Debug|Any CPU
		{8F6B53CF-9E41-4535-BAB4-CCF1F34A8238}.Debug|Mixed Platforms.Build.0 = Debug|Any CPU
		{8F6B53CF-9E41-4535-BAB4-CCF1F34A8238}.Debug|x86.ActiveCfg = Debug|Any CPU
		{8F6B53CF-9E41-4535-BAB4-CCF1F34A8238}.Release|Any CPU.ActiveCfg = Release|Any CPU
		{8F6B53CF-9E41-4535-BAB4-CCF1F34A8238}.Release|Any CPU.Build.0 = Release|Any CPU
		{8F6B53CF-9E41-4535-BAB4-CCF1F34A8238}.Release|Mixed Platforms.ActiveCfg = Release|Any CPU
		{8F6B53CF-9E41-4535-BAB4-CCF1F34A8238}.Release|Mixed Platforms.Build.0 = Release|Any CPU
		{8F6B53CF-9E41-4535-BAB4-CCF1F34A8238}.Release|x86.ActiveCfg = Release|Any CPU
		{C64D64AC-5910-485F-9EE3-60E525952ECE}.Debug|Any CPU.ActiveCfg = Debug|Any CPU
		{C64D64AC-5910-485F-9EE3-60E525952ECE}.Debug|Any CPU.Build.0 = Debug|Any CPU
		{C64D64AC-5910-485F-9EE3-60E525952ECE}.Debug|Mixed Platforms.ActiveCfg = Debug|Any CPU
		{C64D64AC-5910-485F-9EE3-60E525952ECE}.Debug|Mixed Platforms.Build.0 = Debug|Any CPU
		{C64D64AC-5910-485F-9EE3-60E525952ECE}.Debug|x86.ActiveCfg = Debug|Any CPU
		{C64D64AC-5910-485F-9EE3-60E525952ECE}.Release|Any CPU.ActiveCfg = Release|Any CPU
		{C64D64AC-5910-485F-9EE3-60E525952ECE}.Release|Any CPU.Build.0 = Release|Any CPU
		{C64D64AC-5910-485F-9EE3-60E525952ECE}.Release|Mixed Platforms.ActiveCfg = Release|Any CPU
		{C64D64AC-5910-485F-9EE3-60E525952ECE}.Release|Mixed Platforms.Build.0 = Release|Any CPU
		{C64D64AC-5910-485F-9EE3-60E525952ECE}.Release|x86.ActiveCfg = Release|Any CPU
		{F89973D5-0B32-4DAA-80B7-8A5A7F717168}.Debug|Any CPU.ActiveCfg = Debug|Any CPU
		{F89973D5-0B32-4DAA-80B7-8A5A7F717168}.Debug|Any CPU.Build.0 = Debug|Any CPU
		{F89973D5-0B32-4DAA-80B7-8A5A7F717168}.Debug|Mixed Platforms.ActiveCfg = Debug|Any CPU
		{F89973D5-0B32-4DAA-80B7-8A5A7F717168}.Debug|Mixed Platforms.Build.0 = Debug|Any CPU
		{F89973D5-0B32-4DAA-80B7-8A5A7F717168}.Debug|x86.ActiveCfg = Debug|Any CPU
		{F89973D5-0B32-4DAA-80B7-8A5A7F717168}.Release|Any CPU.ActiveCfg = Release|Any CPU
		{F89973D5-0B32-4DAA-80B7-8A5A7F717168}.Release|Any CPU.Build.0 = Release|Any CPU
		{F89973D5-0B32-4DAA-80B7-8A5A7F717168}.Release|Mixed Platforms.ActiveCfg = Release|Any CPU
		{F89973D5-0B32-4DAA-80B7-8A5A7F717168}.Release|Mixed Platforms.Build.0 = Release|Any CPU
		{F89973D5-0B32-4DAA-80B7-8A5A7F717168}.Release|x86.ActiveCfg = Release|Any CPU
		{F5E77D3F-86E7-435B-B269-C1F618EB829C}.Debug|Any CPU.ActiveCfg = Debug|Any CPU
		{F5E77D3F-86E7-435B-B269-C1F618EB829C}.Debug|Any CPU.Build.0 = Debug|Any CPU
		{F5E77D3F-86E7-435B-B269-C1F618EB829C}.Debug|Mixed Platforms.ActiveCfg = Debug|Any CPU
		{F5E77D3F-86E7-435B-B269-C1F618EB829C}.Debug|Mixed Platforms.Build.0 = Debug|Any CPU
		{F5E77D3F-86E7-435B-B269-C1F618EB829C}.Debug|x86.ActiveCfg = Debug|Any CPU
		{F5E77D3F-86E7-435B-B269-C1F618EB829C}.Release|Any CPU.ActiveCfg = Release|Any CPU
		{F5E77D3F-86E7-435B-B269-C1F618EB829C}.Release|Any CPU.Build.0 = Release|Any CPU
		{F5E77D3F-86E7-435B-B269-C1F618EB829C}.Release|Mixed Platforms.ActiveCfg = Release|Any CPU
		{F5E77D3F-86E7-435B-B269-C1F618EB829C}.Release|Mixed Platforms.Build.0 = Release|Any CPU
		{F5E77D3F-86E7-435B-B269-C1F618EB829C}.Release|x86.ActiveCfg = Release|Any CPU
		{CCFA6E32-253E-4E0D-A8FA-5856069268F9}.Debug|Any CPU.ActiveCfg = Debug|Any CPU
		{CCFA6E32-253E-4E0D-A8FA-5856069268F9}.Debug|Any CPU.Build.0 = Debug|Any CPU
		{CCFA6E32-253E-4E0D-A8FA-5856069268F9}.Debug|Mixed Platforms.ActiveCfg = Debug|Any CPU
		{CCFA6E32-253E-4E0D-A8FA-5856069268F9}.Debug|Mixed Platforms.Build.0 = Debug|Any CPU
		{CCFA6E32-253E-4E0D-A8FA-5856069268F9}.Debug|x86.ActiveCfg = Debug|Any CPU
		{CCFA6E32-253E-4E0D-A8FA-5856069268F9}.Release|Any CPU.ActiveCfg = Release|Any CPU
		{CCFA6E32-253E-4E0D-A8FA-5856069268F9}.Release|Any CPU.Build.0 = Release|Any CPU
		{CCFA6E32-253E-4E0D-A8FA-5856069268F9}.Release|Mixed Platforms.ActiveCfg = Release|Any CPU
		{CCFA6E32-253E-4E0D-A8FA-5856069268F9}.Release|Mixed Platforms.Build.0 = Release|Any CPU
		{CCFA6E32-253E-4E0D-A8FA-5856069268F9}.Release|x86.ActiveCfg = Release|Any CPU
		{566C1F0E-AA95-4D41-9A0C-BB7D919108AD}.Debug|Any CPU.ActiveCfg = Debug|x86
		{566C1F0E-AA95-4D41-9A0C-BB7D919108AD}.Debug|Mixed Platforms.ActiveCfg = Debug|x86
		{566C1F0E-AA95-4D41-9A0C-BB7D919108AD}.Debug|Mixed Platforms.Build.0 = Debug|x86
		{566C1F0E-AA95-4D41-9A0C-BB7D919108AD}.Debug|x86.ActiveCfg = Debug|x86
		{566C1F0E-AA95-4D41-9A0C-BB7D919108AD}.Debug|x86.Build.0 = Debug|x86
		{566C1F0E-AA95-4D41-9A0C-BB7D919108AD}.Release|Any CPU.ActiveCfg = Release|x86
		{566C1F0E-AA95-4D41-9A0C-BB7D919108AD}.Release|Mixed Platforms.ActiveCfg = Release|x86
		{566C1F0E-AA95-4D41-9A0C-BB7D919108AD}.Release|Mixed Platforms.Build.0 = Release|x86
		{566C1F0E-AA95-4D41-9A0C-BB7D919108AD}.Release|x86.ActiveCfg = Release|x86
		{566C1F0E-AA95-4D41-9A0C-BB7D919108AD}.Release|x86.Build.0 = Release|x86
	EndGlobalSection
	GlobalSection(SolutionProperties) = preSolution
		HideSolutionNode = FALSE
	EndGlobalSection
EndGlobal
